// !$*UTF8*$!
{
	archiveVersion = 1;
	classes = {
	};
	objectVersion = 46;
	objects = {

/* Begin PBXBuildFile section */
		EB020E7D183B43AF005A036B /* Foundation.framework in Frameworks */ = {isa = PBXBuildFile; fileRef = EB020E7C183B43AF005A036B /* Foundation.framework */; };
		EB020E7F183B43AF005A036B /* CoreGraphics.framework in Frameworks */ = {isa = PBXBuildFile; fileRef = EB020E7E183B43AF005A036B /* CoreGraphics.framework */; };
		EB020E81183B43AF005A036B /* UIKit.framework in Frameworks */ = {isa = PBXBuildFile; fileRef = EB020E80183B43AF005A036B /* UIKit.framework */; };
		EB020E87183B43AF005A036B /* InfoPlist.strings in Resources */ = {isa = PBXBuildFile; fileRef = EB020E85183B43AF005A036B /* InfoPlist.strings */; };
		EB020E89183B43AF005A036B /* main.m in Sources */ = {isa = PBXBuildFile; fileRef = EB020E88183B43AF005A036B /* main.m */; };
		EB020E8D183B43AF005A036B /* AppDelegate.m in Sources */ = {isa = PBXBuildFile; fileRef = EB020E8C183B43AF005A036B /* AppDelegate.m */; };
		EB020E90183B43AF005A036B /* Main.storyboard in Resources */ = {isa = PBXBuildFile; fileRef = EB020E8E183B43AF005A036B /* Main.storyboard */; };
		EB020E98183B43AF005A036B /* Images.xcassets in Resources */ = {isa = PBXBuildFile; fileRef = EB020E97183B43AF005A036B /* Images.xcassets */; };
		EB020E9F183B43AF005A036B /* XCTest.framework in Frameworks */ = {isa = PBXBuildFile; fileRef = EB020E9E183B43AF005A036B /* XCTest.framework */; };
		EB020EA0183B43AF005A036B /* Foundation.framework in Frameworks */ = {isa = PBXBuildFile; fileRef = EB020E7C183B43AF005A036B /* Foundation.framework */; };
		EB020EA1183B43AF005A036B /* UIKit.framework in Frameworks */ = {isa = PBXBuildFile; fileRef = EB020E80183B43AF005A036B /* UIKit.framework */; };
		EB020EA9183B43AF005A036B /* InfoPlist.strings in Resources */ = {isa = PBXBuildFile; fileRef = EB020EA7183B43AF005A036B /* InfoPlist.strings */; };
		EB020EAB183B43AF005A036B /* FiltersTests.m in Sources */ = {isa = PBXBuildFile; fileRef = EB020EAA183B43AF005A036B /* FiltersTests.m */; };
		EB020EB6183B43C9005A036B /* MainViewController.m in Sources */ = {isa = PBXBuildFile; fileRef = EB020EB5183B43C9005A036B /* MainViewController.m */; };
		EB020EB8183B4BB0005A036B /* CoreImage.framework in Frameworks */ = {isa = PBXBuildFile; fileRef = EB020EB7183B4BB0005A036B /* CoreImage.framework */; };
/* End PBXBuildFile section */

/* Begin PBXContainerItemProxy section */
		EB020EA2183B43AF005A036B /* PBXContainerItemProxy */ = {
			isa = PBXContainerItemProxy;
			containerPortal = EB020E71183B43AF005A036B /* Project object */;
			proxyType = 1;
			remoteGlobalIDString = EB020E78183B43AF005A036B;
			remoteInfo = Filters;
		};
/* End PBXContainerItemProxy section */

/* Begin PBXFileReference section */
		EB020E79183B43AF005A036B /* Filters.app */ = {isa = PBXFileReference; explicitFileType = wrapper.application; includeInIndex = 0; path = Filters.app; sourceTree = BUILT_PRODUCTS_DIR; };
		EB020E7C183B43AF005A036B /* Foundation.framework */ = {isa = PBXFileReference; lastKnownFileType = wrapper.framework; name = Foundation.framework; path = System/Library/Frameworks/Foundation.framework; sourceTree = SDKROOT; };
		EB020E7E183B43AF005A036B /* CoreGraphics.framework */ = {isa = PBXFileReference; lastKnownFileType = wrapper.framework; name = CoreGraphics.framework; path = System/Library/Frameworks/CoreGraphics.framework; sourceTree = SDKROOT; };
		EB020E80183B43AF005A036B /* UIKit.framework */ = {isa = PBXFileReference; lastKnownFileType = wrapper.framework; name = UIKit.framework; path = System/Library/Frameworks/UIKit.framework; sourceTree = SDKROOT; };
		EB020E84183B43AF005A036B /* Filters-Info.plist */ = {isa = PBXFileReference; lastKnownFileType = text.plist.xml; path = "Filters-Info.plist"; sourceTree = "<group>"; };
		EB020E86183B43AF005A036B /* en */ = {isa = PBXFileReference; lastKnownFileType = text.plist.strings; name = en; path = en.lproj/InfoPlist.strings; sourceTree = "<group>"; };
		EB020E88183B43AF005A036B /* main.m */ = {isa = PBXFileReference; lastKnownFileType = sourcecode.c.objc; path = main.m; sourceTree = "<group>"; };
		EB020E8A183B43AF005A036B /* Filters-Prefix.pch */ = {isa = PBXFileReference; lastKnownFileType = sourcecode.c.h; path = "Filters-Prefix.pch"; sourceTree = "<group>"; };
		EB020E8B183B43AF005A036B /* AppDelegate.h */ = {isa = PBXFileReference; lastKnownFileType = sourcecode.c.h; path = AppDelegate.h; sourceTree = "<group>"; };
		EB020E8C183B43AF005A036B /* AppDelegate.m */ = {isa = PBXFileReference; lastKnownFileType = sourcecode.c.objc; path = AppDelegate.m; sourceTree = "<group>"; };
		EB020E8F183B43AF005A036B /* Base */ = {isa = PBXFileReference; lastKnownFileType = file.storyboard; name = Base; path = Base.lproj/Main.storyboard; sourceTree = "<group>"; };
		EB020E97183B43AF005A036B /* Images.xcassets */ = {isa = PBXFileReference; lastKnownFileType = folder.assetcatalog; path = Images.xcassets; sourceTree = "<group>"; };
		EB020E9D183B43AF005A036B /* FiltersTests.xctest */ = {isa = PBXFileReference; explicitFileType = wrapper.cfbundle; includeInIndex = 0; path = FiltersTests.xctest; sourceTree = BUILT_PRODUCTS_DIR; };
		EB020E9E183B43AF005A036B /* XCTest.framework */ = {isa = PBXFileReference; lastKnownFileType = wrapper.framework; name = XCTest.framework; path = Library/Frameworks/XCTest.framework; sourceTree = DEVELOPER_DIR; };
		EB020EA6183B43AF005A036B /* FiltersTests-Info.plist */ = {isa = PBXFileReference; lastKnownFileType = text.plist.xml; path = "FiltersTests-Info.plist"; sourceTree = "<group>"; };
		EB020EA8183B43AF005A036B /* en */ = {isa = PBXFileReference; lastKnownFileType = text.plist.strings; name = en; path = en.lproj/InfoPlist.strings; sourceTree = "<group>"; };
		EB020EAA183B43AF005A036B /* FiltersTests.m */ = {isa = PBXFileReference; lastKnownFileType = sourcecode.c.objc; path = FiltersTests.m; sourceTree = "<group>"; };
		EB020EB4183B43C9005A036B /* MainViewController.h */ = {isa = PBXFileReference; fileEncoding = 4; lastKnownFileType = sourcecode.c.h; path = MainViewController.h; sourceTree = "<group>"; };
		EB020EB5183B43C9005A036B /* MainViewController.m */ = {isa = PBXFileReference; fileEncoding = 4; lastKnownFileType = sourcecode.c.objc; path = MainViewController.m; sourceTree = "<group>"; };
		EB020EB7183B4BB0005A036B /* CoreImage.framework */ = {isa = PBXFileReference; lastKnownFileType = wrapper.framework; name = CoreImage.framework; path = System/Library/Frameworks/CoreImage.framework; sourceTree = SDKROOT; };
/* End PBXFileReference section */

/* Begin PBXFrameworksBuildPhase section */
		EB020E76183B43AF005A036B /* Frameworks */ = {
			isa = PBXFrameworksBuildPhase;
			buildActionMask = 2147483647;
			files = (
				EB020EB8183B4BB0005A036B /* CoreImage.framework in Frameworks */,
				EB020E7F183B43AF005A036B /* CoreGraphics.framework in Frameworks */,
				EB020E81183B43AF005A036B /* UIKit.framework in Frameworks */,
				EB020E7D183B43AF005A036B /* Foundation.framework in Frameworks */,
			);
			runOnlyForDeploymentPostprocessing = 0;
		};
		EB020E9A183B43AF005A036B /* Frameworks */ = {
			isa = PBXFrameworksBuildPhase;
			buildActionMask = 2147483647;
			files = (
				EB020E9F183B43AF005A036B /* XCTest.framework in Frameworks */,
				EB020EA1183B43AF005A036B /* UIKit.framework in Frameworks */,
				EB020EA0183B43AF005A036B /* Foundation.framework in Frameworks */,
			);
			runOnlyForDeploymentPostprocessing = 0;
		};
/* End PBXFrameworksBuildPhase section */

/* Begin PBXGroup section */
		EB020E70183B43AF005A036B = {
			isa = PBXGroup;
			children = (
				EB020E82183B43AF005A036B /* Filters */,
				EB020EA4183B43AF005A036B /* FiltersTests */,
				EB020E7B183B43AF005A036B /* Frameworks */,
				EB020E7A183B43AF005A036B /* Products */,
			);
			sourceTree = "<group>";
		};
		EB020E7A183B43AF005A036B /* Products */ = {
			isa = PBXGroup;
			children = (
				EB020E79183B43AF005A036B /* Filters.app */,
				EB020E9D183B43AF005A036B /* FiltersTests.xctest */,
			);
			name = Products;
			sourceTree = "<group>";
		};
		EB020E7B183B43AF005A036B /* Frameworks */ = {
			isa = PBXGroup;
			children = (
				EB020EB7183B4BB0005A036B /* CoreImage.framework */,
				EB020E7C183B43AF005A036B /* Foundation.framework */,
				EB020E7E183B43AF005A036B /* CoreGraphics.framework */,
				EB020E80183B43AF005A036B /* UIKit.framework */,
				EB020E9E183B43AF005A036B /* XCTest.framework */,
			);
			name = Frameworks;
			sourceTree = "<group>";
		};
		EB020E82183B43AF005A036B /* Filters */ = {
			isa = PBXGroup;
			children = (
				EB020E8B183B43AF005A036B /* AppDelegate.h */,
				EB020E8C183B43AF005A036B /* AppDelegate.m */,
				EB020E8E183B43AF005A036B /* Main.storyboard */,
				EB020EB4183B43C9005A036B /* MainViewController.h */,
				EB020EB5183B43C9005A036B /* MainViewController.m */,
				EB020E97183B43AF005A036B /* Images.xcassets */,
				EB020E83183B43AF005A036B /* Supporting Files */,
			);
			path = Filters;
			sourceTree = "<group>";
		};
		EB020E83183B43AF005A036B /* Supporting Files */ = {
			isa = PBXGroup;
			children = (
				EB020E84183B43AF005A036B /* Filters-Info.plist */,
				EB020E85183B43AF005A036B /* InfoPlist.strings */,
				EB020E88183B43AF005A036B /* main.m */,
				EB020E8A183B43AF005A036B /* Filters-Prefix.pch */,
			);
			name = "Supporting Files";
			sourceTree = "<group>";
		};
		EB020EA4183B43AF005A036B /* FiltersTests */ = {
			isa = PBXGroup;
			children = (
				EB020EAA183B43AF005A036B /* FiltersTests.m */,
				EB020EA5183B43AF005A036B /* Supporting Files */,
			);
			path = FiltersTests;
			sourceTree = "<group>";
		};
		EB020EA5183B43AF005A036B /* Supporting Files */ = {
			isa = PBXGroup;
			children = (
				EB020EA6183B43AF005A036B /* FiltersTests-Info.plist */,
				EB020EA7183B43AF005A036B /* InfoPlist.strings */,
			);
			name = "Supporting Files";
			sourceTree = "<group>";
		};
/* End PBXGroup section */

/* Begin PBXNativeTarget section */
		EB020E78183B43AF005A036B /* Filters */ = {
			isa = PBXNativeTarget;
			buildConfigurationList = EB020EAE183B43AF005A036B /* Build configuration list for PBXNativeTarget "Filters" */;
			buildPhases = (
				EB020E75183B43AF005A036B /* Sources */,
				EB020E76183B43AF005A036B /* Frameworks */,
				EB020E77183B43AF005A036B /* Resources */,
			);
			buildRules = (
			);
			dependencies = (
			);
			name = Filters;
			productName = Filters;
			productReference = EB020E79183B43AF005A036B /* Filters.app */;
			productType = "com.apple.product-type.application";
		};
		EB020E9C183B43AF005A036B /* FiltersTests */ = {
			isa = PBXNativeTarget;
			buildConfigurationList = EB020EB1183B43AF005A036B /* Build configuration list for PBXNativeTarget "FiltersTests" */;
			buildPhases = (
				EB020E99183B43AF005A036B /* Sources */,
				EB020E9A183B43AF005A036B /* Frameworks */,
				EB020E9B183B43AF005A036B /* Resources */,
			);
			buildRules = (
			);
			dependencies = (
				EB020EA3183B43AF005A036B /* PBXTargetDependency */,
			);
			name = FiltersTests;
			productName = FiltersTests;
			productReference = EB020E9D183B43AF005A036B /* FiltersTests.xctest */;
			productType = "com.apple.product-type.bundle.unit-test";
		};
/* End PBXNativeTarget section */

/* Begin PBXProject section */
		EB020E71183B43AF005A036B /* Project object */ = {
			isa = PBXProject;
			attributes = {
				LastUpgradeCheck = 0500;
				ORGANIZATIONNAME = "Vikash Soni";
				TargetAttributes = {
					EB020E9C183B43AF005A036B = {
						TestTargetID = EB020E78183B43AF005A036B;
					};
				};
			};
			buildConfigurationList = EB020E74183B43AF005A036B /* Build configuration list for PBXProject "Filters" */;
			compatibilityVersion = "Xcode 3.2";
			developmentRegion = English;
			hasScannedForEncodings = 0;
			knownRegions = (
				en,
				Base,
			);
			mainGroup = EB020E70183B43AF005A036B;
			productRefGroup = EB020E7A183B43AF005A036B /* Products */;
			projectDirPath = "";
			projectRoot = "";
			targets = (
				EB020E78183B43AF005A036B /* Filters */,
				EB020E9C183B43AF005A036B /* FiltersTests */,
			);
		};
/* End PBXProject section */

/* Begin PBXResourcesBuildPhase section */
		EB020E77183B43AF005A036B /* Resources */ = {
			isa = PBXResourcesBuildPhase;
			buildActionMask = 2147483647;
			files = (
				EB020E98183B43AF005A036B /* Images.xcassets in Resources */,
				EB020E87183B43AF005A036B /* InfoPlist.strings in Resources */,
				EB020E90183B43AF005A036B /* Main.storyboard in Resources */,
			);
			runOnlyForDeploymentPostprocessing = 0;
		};
		EB020E9B183B43AF005A036B /* Resources */ = {
			isa = PBXResourcesBuildPhase;
			buildActionMask = 2147483647;
			files = (
				EB020EA9183B43AF005A036B /* InfoPlist.strings in Resources */,
			);
			runOnlyForDeploymentPostprocessing = 0;
		};
/* End PBXResourcesBuildPhase section */

/* Begin PBXSourcesBuildPhase section */
		EB020E75183B43AF005A036B /* Sources */ = {
			isa = PBXSourcesBuildPhase;
			buildActionMask = 2147483647;
			files = (
				EB020E8D183B43AF005A036B /* AppDelegate.m in Sources */,
				EB020EB6183B43C9005A036B /* MainViewController.m in Sources */,
				EB020E89183B43AF005A036B /* main.m in Sources */,
			);
			runOnlyForDeploymentPostprocessing = 0;
		};
		EB020E99183B43AF005A036B /* Sources */ = {
			isa = PBXSourcesBuildPhase;
			buildActionMask = 2147483647;
			files = (
				EB020EAB183B43AF005A036B /* FiltersTests.m in Sources */,
			);
			runOnlyForDeploymentPostprocessing = 0;
		};
/* End PBXSourcesBuildPhase section */

/* Begin PBXTargetDependency section */
		EB020EA3183B43AF005A036B /* PBXTargetDependency */ = {
			isa = PBXTargetDependency;
			target = EB020E78183B43AF005A036B /* Filters */;
			targetProxy = EB020EA2183B43AF005A036B /* PBXContainerItemProxy */;
		};
/* End PBXTargetDependency section */

/* Begin PBXVariantGroup section */
		EB020E85183B43AF005A036B /* InfoPlist.strings */ = {
			isa = PBXVariantGroup;
			children = (
				EB020E86183B43AF005A036B /* en */,
			);
			name = InfoPlist.strings;
			sourceTree = "<group>";
		};
		EB020E8E183B43AF005A036B /* Main.storyboard */ = {
			isa = PBXVariantGroup;
			children = (
				EB020E8F183B43AF005A036B /* Base */,
			);
			name = Main.storyboard;
			sourceTree = "<group>";
		};
		EB020EA7183B43AF005A036B /* InfoPlist.strings */ = {
			isa = PBXVariantGroup;
			children = (
				EB020EA8183B43AF005A036B /* en */,
			);
			name = InfoPlist.strings;
			sourceTree = "<group>";
		};
/* End PBXVariantGroup section */

/* Begin XCBuildConfiguration section */
		EB020EAC183B43AF005A036B /* Debug */ = {
			isa = XCBuildConfiguration;
			buildSettings = {
				ALWAYS_SEARCH_USER_PATHS = NO;
				ARCHS = "$(ARCHS_STANDARD_INCLUDING_64_BIT)";
				CLANG_CXX_LANGUAGE_STANDARD = "gnu++0x";
				CLANG_CXX_LIBRARY = "libc++";
				CLANG_ENABLE_MODULES = YES;
				CLANG_ENABLE_OBJC_ARC = YES;
				CLANG_WARN_BOOL_CONVERSION = YES;
				CLANG_WARN_CONSTANT_CONVERSION = YES;
				CLANG_WARN_DIRECT_OBJC_ISA_USAGE = YES_ERROR;
				CLANG_WARN_EMPTY_BODY = YES;
				CLANG_WARN_ENUM_CONVERSION = YES;
				CLANG_WARN_INT_CONVERSION = YES;
				CLANG_WARN_OBJC_ROOT_CLASS = YES_ERROR;
				CLANG_WARN__DUPLICATE_METHOD_MATCH = YES;
				"CODE_SIGN_IDENTITY[sdk=iphoneos*]" = "iPhone Developer";
				COPY_PHASE_STRIP = NO;
				GCC_C_LANGUAGE_STANDARD = gnu99;
				GCC_DYNAMIC_NO_PIC = NO;
				GCC_OPTIMIZATION_LEVEL = 0;
				GCC_PREPROCESSOR_DEFINITIONS = (
					"DEBUG=1",
					"$(inherited)",
				);
				GCC_SYMBOLS_PRIVATE_EXTERN = NO;
				GCC_WARN_64_TO_32_BIT_CONVERSION = YES;
				GCC_WARN_ABOUT_RETURN_TYPE = YES_ERROR;
				GCC_WARN_UNDECLARED_SELECTOR = YES;
				GCC_WARN_UNINITIALIZED_AUTOS = YES;
				GCC_WARN_UNUSED_FUNCTION = YES;
				GCC_WARN_UNUSED_VARIABLE = YES;
				IPHONEOS_DEPLOYMENT_TARGET = 7.0;
				ONLY_ACTIVE_ARCH = YES;
				SDKROOT = iphoneos;
			};
			name = Debug;
		};
		EB020EAD183B43AF005A036B /* Release */ = {
			isa = XCBuildConfiguration;
			buildSettings = {
				ALWAYS_SEARCH_USER_PATHS = NO;
				ARCHS = "$(ARCHS_STANDARD_INCLUDING_64_BIT)";
				CLANG_CXX_LANGUAGE_STANDARD = "gnu++0x";
				CLANG_CXX_LIBRARY = "libc++";
				CLANG_ENABLE_MODULES = YES;
				CLANG_ENABLE_OBJC_ARC = YES;
				CLANG_WARN_BOOL_CONVERSION = YES;
				CLANG_WARN_CONSTANT_CONVERSION = YES;
				CLANG_WARN_DIRECT_OBJC_ISA_USAGE = YES_ERROR;
				CLANG_WARN_EMPTY_BODY = YES;
				CLANG_WARN_ENUM_CONVERSION = YES;
				CLANG_WARN_INT_CONVERSION = YES;
				CLANG_WARN_OBJC_ROOT_CLASS = YES_ERROR;
				CLANG_WARN__DUPLICATE_METHOD_MATCH = YES;
				"CODE_SIGN_IDENTITY[sdk=iphoneos*]" = "iPhone Developer";
				COPY_PHASE_STRIP = YES;
				ENABLE_NS_ASSERTIONS = NO;
				GCC_C_LANGUAGE_STANDARD = gnu99;
				GCC_WARN_64_TO_32_BIT_CONVERSION = YES;
				GCC_WARN_ABOUT_RETURN_TYPE = YES_ERROR;
				GCC_WARN_UNDECLARED_SELECTOR = YES;
				GCC_WARN_UNINITIALIZED_AUTOS = YES;
				GCC_WARN_UNUSED_FUNCTION = YES;
				GCC_WARN_UNUSED_VARIABLE = YES;
				IPHONEOS_DEPLOYMENT_TARGET = 7.0;
				SDKROOT = iphoneos;
				VALIDATE_PRODUCT = YES;
			};
			name = Release;
		};
		EB020EAF183B43AF005A036B /* Debug */ = {
			isa = XCBuildConfiguration;
			buildSettings = {
				ASSETCATALOG_COMPILER_APPICON_NAME = AppIcon;
				ASSETCATALOG_COMPILER_LAUNCHIMAGE_NAME = LaunchImage;
				GCC_PRECOMPILE_PREFIX_HEADER = YES;
				GCC_PREFIX_HEADER = "Filters/Filters-Prefix.pch";
				INFOPLIST_FILE = "Filters/Filters-Info.plist";
				PRODUCT_NAME = "$(TARGET_NAME)";
				WRAPPER_EXTENSION = app;
			};
			name = Debug;
		};
		EB020EB0183B43AF005A036B /* Release */ = {
			isa = XCBuildConfiguration;
			buildSettings = {
				ASSETCATALOG_COMPILER_APPICON_NAME = AppIcon;
				ASSETCATALOG_COMPILER_LAUNCHIMAGE_NAME = LaunchImage;
				GCC_PRECOMPILE_PREFIX_HEADER = YES;
				GCC_PREFIX_HEADER = "Filters/Filters-Prefix.pch";
				INFOPLIST_FILE = "Filters/Filters-Info.plist";
				PRODUCT_NAME = "$(TARGET_NAME)";
				WRAPPER_EXTENSION = app;
			};
			name = Release;
		};
		EB020EB2183B43AF005A036B /* Debug */ = {
			isa = XCBuildConfiguration;
			buildSettings = {
				ARCHS = "$(ARCHS_STANDARD_INCLUDING_64_BIT)";
				BUNDLE_LOADER = "$(BUILT_PRODUCTS_DIR)/Filters.app/Filters";
				FRAMEWORK_SEARCH_PATHS = (
					"$(SDKROOT)/Developer/Library/Frameworks",
					"$(inherited)",
					"$(DEVELOPER_FRAMEWORKS_DIR)",
				);
				GCC_PRECOMPILE_PREFIX_HEADER = YES;
				GCC_PREFIX_HEADER = "Filters/Filters-Prefix.pch";
				GCC_PREPROCESSOR_DEFINITIONS = (
					"DEBUG=1",
					"$(inherited)",
				);
				INFOPLIST_FILE = "FiltersTests/FiltersTests-Info.plist";
				PRODUCT_NAME = "$(TARGET_NAME)";
				TEST_HOST = "$(BUNDLE_LOADER)";
				WRAPPER_EXTENSION = xctest;
			};
			name = Debug;
		};
		EB020EB3183B43AF005A036B /* Release */ = {
			isa = XCBuildConfiguration;
			buildSettings = {
				ARCHS = "$(ARCHS_STANDARD_INCLUDING_64_BIT)";
				BUNDLE_LOADER = "$(BUILT_PRODUCTS_DIR)/Filters.app/Filters";
				FRAMEWORK_SEARCH_PATHS = (
					"$(SDKROOT)/Developer/Library/Frameworks",
					"$(inherited)",
					"$(DEVELOPER_FRAMEWORKS_DIR)",
				);
				GCC_PRECOMPILE_PREFIX_HEADER = YES;
				GCC_PREFIX_HEADER = "Filters/Filters-Prefix.pch";
				INFOPLIST_FILE = "FiltersTests/FiltersTests-Info.plist";
				PRODUCT_NAME = "$(TARGET_NAME)";
				TEST_HOST = "$(BUNDLE_LOADER)";
				WRAPPER_EXTENSION = xctest;
			};
			name = Release;
		};
/* End XCBuildConfiguration section */

/* Begin XCConfigurationList section */
		EB020E74183B43AF005A036B /* Build configuration list for PBXProject "Filters" */ = {
			isa = XCConfigurationList;
			buildConfigurations = (
				EB020EAC183B43AF005A036B /* Debug */,
				EB020EAD183B43AF005A036B /* Release */,
			);
			defaultConfigurationIsVisible = 0;
			defaultConfigurationName = Release;
		};
		EB020EAE183B43AF005A036B /* Build configuration list for PBXNativeTarget "Filters" */ = {
			isa = XCConfigurationList;
			buildConfigurations = (
				EB020EAF183B43AF005A036B /* Debug */,
				EB020EB0183B43AF005A036B /* Release */,
			);
			defaultConfigurationIsVisible = 0;
		};
		EB020EB1183B43AF005A036B /* Build configuration list for PBXNativeTarget "FiltersTests" */ = {
			isa = XCConfigurationList;
			buildConfigurations = (
				EB020EB2183B43AF005A036B /* Debug */,
				EB020EB3183B43AF005A036B /* Release */,
			);
			defaultConfigurationIsVisible = 0;
		};
/* End XCConfigurationList section */
	};
	rootObject = EB020E71183B43AF005A036B /* Project object */;
}
